
Microsoft Visual Studio Solution File, Format Version 12.00
# Visual Studio 14
VisualStudioVersion = 14.0.25420.1
MinimumVisualStudioVersion = 10.0.40219.1
Project("{930C7802-8A8C-48F9-8165-68863BCCD9DD}") = "EC_40", "EC_40\EC_40.wixproj", "{46D10B99-F785-4BC7-8D27-41F419D62350}"
EndProject
Project("{930C7802-8A8C-48F9-8165-68863BCCD9DD}") = "EcFolderACLs", "EcFolderACLs\EcFolderACLs.wixproj", "{AD530E2A-8C9F-468E-978D-B4C5E77B01C0}"
EndProject
Project("{930C7802-8A8C-48F9-8165-68863BCCD9DD}") = "ICUECHelp", "ICUECHelp\ICUECHelp.wixproj", "{96144522-7067-44B1-9486-5DCB6554345E}"
EndProject
Project("{930C7802-8A8C-48F9-8165-68863BCCD9DD}") = "Managed Install Fix", "Managed Install Fix\Managed Install Fix.wixproj", "{AAE795B1-B12A-49DC-9ADC-AF179B0E9486}"
EndProject
Project("{930C7802-8A8C-48F9-8165-68863BCCD9DD}") = "PerlEC", "PerlEC\PerlEC.wixproj", "{BF376895-1EDE-4DE8-8C84-D016D0580B4F}"
EndProject
Project("{930C7802-8A8C-48F9-8165-68863BCCD9DD}") = "PythonEC", "PythonEC\PythonEC.wixproj", "{E2BFB40A-4A09-48B3-A92E-46D917C886B9}"
EndProject
Project("{930C7802-8A8C-48F9-8165-68863BCCD9DD}") = "SetPath", "SetPath\SetPath.wixproj", "{996F8846-09EC-4F91-A639-B22BB2F18BBE}"
EndProject
Global
	GlobalSection(SolutionConfigurationPlatforms) = preSolution
		Debug|x64 = Debug|x64
		Debug|x86 = Debug|x86
		Release|x64 = Release|x64
		Release|x86 = Release|x86
	EndGlobalSection
	GlobalSection(ProjectConfigurationPlatforms) = postSolution
		{46D10B99-F785-4BC7-8D27-41F419D62350}.Debug|x64.ActiveCfg = Debug|x86
		{46D10B99-F785-4BC7-8D27-41F419D62350}.Debug|x86.ActiveCfg = Debug|x86
		{46D10B99-F785-4BC7-8D27-41F419D62350}.Debug|x86.Build.0 = Debug|x86
		{46D10B99-F785-4BC7-8D27-41F419D62350}.Release|x64.ActiveCfg = Release|x86
		{46D10B99-F785-4BC7-8D27-41F419D62350}.Release|x86.ActiveCfg = Release|x86
		{46D10B99-F785-4BC7-8D27-41F419D62350}.Release|x86.Build.0 = Release|x86
		{AD530E2A-8C9F-468E-978D-B4C5E77B01C0}.Debug|x64.ActiveCfg = Debug|x86
		{AD530E2A-8C9F-468E-978D-B4C5E77B01C0}.Debug|x86.ActiveCfg = Debug|x86
		{AD530E2A-8C9F-468E-978D-B4C5E77B01C0}.Debug|x86.Build.0 = Debug|x86
		{AD530E2A-8C9F-468E-978D-B4C5E77B01C0}.Release|x64.ActiveCfg = Release|x86
		{AD530E2A-8C9F-468E-978D-B4C5E77B01C0}.Release|x86.ActiveCfg = Release|x86
		{AD530E2A-8C9F-468E-978D-B4C5E77B01C0}.Release|x86.Build.0 = Release|x86
		{96144522-7067-44B1-9486-5DCB6554345E}.Debug|x64.ActiveCfg = Debug|x86
		{96144522-7067-44B1-9486-5DCB6554345E}.Debug|x86.ActiveCfg = Debug|x86
		{96144522-7067-44B1-9486-5DCB6554345E}.Debug|x86.Build.0 = Debug|x86
		{96144522-7067-44B1-9486-5DCB6554345E}.Release|x64.ActiveCfg = Release|x86
		{96144522-7067-44B1-9486-5DCB6554345E}.Release|x86.ActiveCfg = Release|x86
		{96144522-7067-44B1-9486-5DCB6554345E}.Release|x86.Build.0 = Release|x86
		{AAE795B1-B12A-49DC-9ADC-AF179B0E9486}.Debug|x64.ActiveCfg = Debug|x86
		{AAE795B1-B12A-49DC-9ADC-AF179B0E9486}.Debug|x86.ActiveCfg = Debug|x86
		{AAE795B1-B12A-49DC-9ADC-AF179B0E9486}.Debug|x86.Build.0 = Debug|x86
		{AAE795B1-B12A-49DC-9ADC-AF179B0E9486}.Release|x64.ActiveCfg = Release|x86
		{AAE795B1-B12A-49DC-9ADC-AF179B0E9486}.Release|x86.ActiveCfg = Release|x86
		{AAE795B1-B12A-49DC-9ADC-AF179B0E9486}.Release|x86.Build.0 = Release|x86
		{BF376895-1EDE-4DE8-8C84-D016D0580B4F}.Debug|x64.ActiveCfg = Debug|x86
		{BF376895-1EDE-4DE8-8C84-D016D0580B4F}.Debug|x86.ActiveCfg = Debug|x86
		{BF376895-1EDE-4DE8-8C84-D016D0580B4F}.Debug|x86.Build.0 = Debug|x86
		{BF376895-1EDE-4DE8-8C84-D016D0580B4F}.Release|x64.ActiveCfg = Release|x86
		{BF376895-1EDE-4DE8-8C84-D016D0580B4F}.Release|x86.ActiveCfg = Release|x86
		{BF376895-1EDE-4DE8-8C84-D016D0580B4F}.Release|x86.Build.0 = Release|x86
		{E2BFB40A-4A09-48B3-A92E-46D917C886B9}.Debug|x64.ActiveCfg = Debug|x86
		{E2BFB40A-4A09-48B3-A92E-46D917C886B9}.Debug|x86.ActiveCfg = Debug|x86
		{E2BFB40A-4A09-48B3-A92E-46D917C886B9}.Debug|x86.Build.0 = Debug|x86
		{E2BFB40A-4A09-48B3-A92E-46D917C886B9}.Release|x64.ActiveCfg = Release|x86
		{E2BFB40A-4A09-48B3-A92E-46D917C886B9}.Release|x86.ActiveCfg = Release|x86
		{E2BFB40A-4A09-48B3-A92E-46D917C886B9}.Release|x86.Build.0 = Release|x86
		{996F8846-09EC-4F91-A639-B22BB2F18BBE}.Debug|x64.ActiveCfg = Debug|x64
		{996F8846-09EC-4F91-A639-B22BB2F18BBE}.Debug|x64.Build.0 = Debug|x64
		{996F8846-09EC-4F91-A639-B22BB2F18BBE}.Debug|x86.ActiveCfg = Debug|x86
		{996F8846-09EC-4F91-A639-B22BB2F18BBE}.Debug|x86.Build.0 = Debug|x86
		{996F8846-09EC-4F91-A639-B22BB2F18BBE}.Release|x64.ActiveCfg = Release|x64
		{996F8846-09EC-4F91-A639-B22BB2F18BBE}.Release|x64.Build.0 = Release|x64
		{996F8846-09EC-4F91-A639-B22BB2F18BBE}.Release|x86.ActiveCfg = Release|x86
		{996F8846-09EC-4F91-A639-B22BB2F18BBE}.Release|x86.Build.0 = Release|x86
	EndGlobalSection
	GlobalSection(SolutionProperties) = preSolution
		HideSolutionNode = FALSE
	EndGlobalSection
EndGlobal
