
Microsoft Visual Studio Solution File, Format Version 11.00
# Visual Studio 2010
Project("{FAE04EC0-301F-11D3-BF4B-00C04F79EFBC}") = "GenerateFilesSource", "GenerateFilesSource\GenerateFilesSource.csproj", "{EFEA1C1A-1CAA-430C-8BE0-FB004E57C315}"
EndProject
Project("{FAE04EC0-301F-11D3-BF4B-00C04F79EFBC}") = "TestInstallerIntegrity", "TestInstallerIntegrity\TestInstallerIntegrity.csproj", "{AAA147BB-8371-4AF5-8BD0-89A3422896F5}"
EndProject
Project("{FAE04EC0-301F-11D3-BF4B-00C04F79EFBC}") = "ArchiveAndBuildPatch", "ArchiveAndBuildPatch\ArchiveAndBuildPatch.csproj", "{9EBF5E56-DD6D-46E7-8BE1-8974F57061EA}"
EndProject
Project("{FAE04EC0-301F-11D3-BF4B-00C04F79EFBC}") = "ComponentInstallerGenerator", "ComponentInstallerGenerator\ComponentInstallerGenerator.csproj", "{6C8E0AE1-8EFB-4AF3-A190-57C157BC205C}"
EndProject
Project("{FAE04EC0-301F-11D3-BF4B-00C04F79EFBC}") = "BuildUtilities", "BuildUtilities\BuildUtilities.csproj", "{25539D5D-D3D7-47B6-9CB6-1473C84F7D9D}"
EndProject
Global
	GlobalSection(SolutionConfigurationPlatforms) = preSolution
		Debug|Any CPU = Debug|Any CPU
		Release|Any CPU = Release|Any CPU
	EndGlobalSection
	GlobalSection(ProjectConfigurationPlatforms) = postSolution
		{EFEA1C1A-1CAA-430C-8BE0-FB004E57C315}.Debug|Any CPU.ActiveCfg = Debug|Any CPU
		{EFEA1C1A-1CAA-430C-8BE0-FB004E57C315}.Release|Any CPU.ActiveCfg = Release|Any CPU
		{AAA147BB-8371-4AF5-8BD0-89A3422896F5}.Debug|Any CPU.ActiveCfg = Debug|Any CPU
		{AAA147BB-8371-4AF5-8BD0-89A3422896F5}.Release|Any CPU.ActiveCfg = Release|Any CPU
		{9EBF5E56-DD6D-46E7-8BE1-8974F57061EA}.Debug|Any CPU.ActiveCfg = Debug|Any CPU
		{9EBF5E56-DD6D-46E7-8BE1-8974F57061EA}.Release|Any CPU.ActiveCfg = Release|Any CPU
		{6C8E0AE1-8EFB-4AF3-A190-57C157BC205C}.Debug|Any CPU.ActiveCfg = Debug|Any CPU
		{6C8E0AE1-8EFB-4AF3-A190-57C157BC205C}.Release|Any CPU.ActiveCfg = Release|Any CPU
		{25539D5D-D3D7-47B6-9CB6-1473C84F7D9D}.Debug|Any CPU.ActiveCfg = Debug|Any CPU
		{25539D5D-D3D7-47B6-9CB6-1473C84F7D9D}.Debug|Any CPU.Build.0 = Debug|Any CPU
		{25539D5D-D3D7-47B6-9CB6-1473C84F7D9D}.Release|Any CPU.ActiveCfg = Release|Any CPU
		{25539D5D-D3D7-47B6-9CB6-1473C84F7D9D}.Release|Any CPU.Build.0 = Release|Any CPU
	EndGlobalSection
	GlobalSection(SolutionProperties) = preSolution
		HideSolutionNode = FALSE
	EndGlobalSection
EndGlobal
